
Microsoft Visual Studio Solution File, Format Version 12.00
# Visual Studio Version 16
VisualStudioVersion = 16.0.30320.27
MinimumVisualStudioVersion = 10.0.40219.1
Project("{FAE04EC0-301F-11D3-BF4B-00C04F79EFBC}") = "AviMa", "AviMa\AviMa.csproj", "{795C7654-78D4-43AF-9ACC-BE2A0C5EAF86}"
EndProject
Project("{FAE04EC0-301F-11D3-BF4B-00C04F79EFBC}") = "AviMa.Tools", "AviMa.Tools\AviMa.Tools.csproj", "{F047AD1F-4487-40F5-8008-25F29EF76E52}"
EndProject
Project("{FAE04EC0-301F-11D3-BF4B-00C04F79EFBC}") = "AviMa.DataBaseLayer", "AviMa.DB\AviMa.DataBaseLayer.csproj", "{C0B423AA-F469-495A-98F6-04107B51ECBD}"
EndProject
Project("{FAE04EC0-301F-11D3-BF4B-00C04F79EFBC}") = "AviMa.DataObjectLayer", "AviMa.DataObjectLayer\AviMa.DataObjectLayer.csproj", "{EACEC5C5-2309-447C-A45E-18E4A7B27FEB}"
EndProject
Project("{FAE04EC0-301F-11D3-BF4B-00C04F79EFBC}") = "Avima.UtilityLayer", "Avima.UtilityLayer\Avima.UtilityLayer.csproj", "{C671AE38-FD89-4C32-8600-43245E7B33E3}"
EndProject
Global
	GlobalSection(SolutionConfigurationPlatforms) = preSolution
		Debug|Any CPU = Debug|Any CPU
		Debug|Mixed Platforms = Debug|Mixed Platforms
		Debug|x86 = Debug|x86
		Release|Any CPU = Release|Any CPU
		Release|Mixed Platforms = Release|Mixed Platforms
		Release|x86 = Release|x86
		Signed Release x64|Any CPU = Signed Release x64|Any CPU
		Signed Release x64|Mixed Platforms = Signed Release x64|Mixed Platforms
		Signed Release x64|x86 = Signed Release x64|x86
		Signed Release|Any CPU = Signed Release|Any CPU
		Signed Release|Mixed Platforms = Signed Release|Mixed Platforms
		Signed Release|x86 = Signed Release|x86
	EndGlobalSection
	GlobalSection(ProjectConfigurationPlatforms) = postSolution
		{795C7654-78D4-43AF-9ACC-BE2A0C5EAF86}.Debug|Any CPU.ActiveCfg = Debug|Any CPU
		{795C7654-78D4-43AF-9ACC-BE2A0C5EAF86}.Debug|Any CPU.Build.0 = Debug|Any CPU
		{795C7654-78D4-43AF-9ACC-BE2A0C5EAF86}.Debug|Mixed Platforms.ActiveCfg = Debug|x86
		{795C7654-78D4-43AF-9ACC-BE2A0C5EAF86}.Debug|Mixed Platforms.Build.0 = Debug|x86
		{795C7654-78D4-43AF-9ACC-BE2A0C5EAF86}.Debug|x86.ActiveCfg = Debug|Any CPU
		{795C7654-78D4-43AF-9ACC-BE2A0C5EAF86}.Debug|x86.Build.0 = Debug|Any CPU
		{795C7654-78D4-43AF-9ACC-BE2A0C5EAF86}.Release|Any CPU.ActiveCfg = Release|Any CPU
		{795C7654-78D4-43AF-9ACC-BE2A0C5EAF86}.Release|Any CPU.Build.0 = Release|Any CPU
		{795C7654-78D4-43AF-9ACC-BE2A0C5EAF86}.Release|Mixed Platforms.ActiveCfg = Release|x86
		{795C7654-78D4-43AF-9ACC-BE2A0C5EAF86}.Release|Mixed Platforms.Build.0 = Release|x86
		{795C7654-78D4-43AF-9ACC-BE2A0C5EAF86}.Release|x86.ActiveCfg = Release|x86
		{795C7654-78D4-43AF-9ACC-BE2A0C5EAF86}.Release|x86.Build.0 = Release|x86
		{795C7654-78D4-43AF-9ACC-BE2A0C5EAF86}.Signed Release x64|Any CPU.ActiveCfg = Release|Any CPU
		{795C7654-78D4-43AF-9ACC-BE2A0C5EAF86}.Signed Release x64|Any CPU.Build.0 = Release|Any CPU
		{795C7654-78D4-43AF-9ACC-BE2A0C5EAF86}.Signed Release x64|Mixed Platforms.ActiveCfg = Release|x86
		{795C7654-78D4-43AF-9ACC-BE2A0C5EAF86}.Signed Release x64|Mixed Platforms.Build.0 = Release|x86
		{795C7654-78D4-43AF-9ACC-BE2A0C5EAF86}.Signed Release x64|x86.ActiveCfg = Release|x86
		{795C7654-78D4-43AF-9ACC-BE2A0C5EAF86}.Signed Release x64|x86.Build.0 = Release|x86
		{795C7654-78D4-43AF-9ACC-BE2A0C5EAF86}.Signed Release|Any CPU.ActiveCfg = Release|Any CPU
		{795C7654-78D4-43AF-9ACC-BE2A0C5EAF86}.Signed Release|Any CPU.Build.0 = Release|Any CPU
		{795C7654-78D4-43AF-9ACC-BE2A0C5EAF86}.Signed Release|Mixed Platforms.ActiveCfg = Release|x86
		{795C7654-78D4-43AF-9ACC-BE2A0C5EAF86}.Signed Release|Mixed Platforms.Build.0 = Release|x86
		{795C7654-78D4-43AF-9ACC-BE2A0C5EAF86}.Signed Release|x86.ActiveCfg = Release|x86
		{795C7654-78D4-43AF-9ACC-BE2A0C5EAF86}.Signed Release|x86.Build.0 = Release|x86
		{F047AD1F-4487-40F5-8008-25F29EF76E52}.Debug|Any CPU.ActiveCfg = Debug|Any CPU
		{F047AD1F-4487-40F5-8008-25F29EF76E52}.Debug|Any CPU.Build.0 = Debug|Any CPU
		{F047AD1F-4487-40F5-8008-25F29EF76E52}.Debug|Mixed Platforms.ActiveCfg = Debug|Any CPU
		{F047AD1F-4487-40F5-8008-25F29EF76E52}.Debug|Mixed Platforms.Build.0 = Debug|Any CPU
		{F047AD1F-4487-40F5-8008-25F29EF76E52}.Debug|x86.ActiveCfg = Debug|Any CPU
		{F047AD1F-4487-40F5-8008-25F29EF76E52}.Release|Any CPU.ActiveCfg = Release|Any CPU
		{F047AD1F-4487-40F5-8008-25F29EF76E52}.Release|Any CPU.Build.0 = Release|Any CPU
		{F047AD1F-4487-40F5-8008-25F29EF76E52}.Release|Mixed Platforms.ActiveCfg = Release|Any CPU
		{F047AD1F-4487-40F5-8008-25F29EF76E52}.Release|Mixed Platforms.Build.0 = Release|Any CPU
		{F047AD1F-4487-40F5-8008-25F29EF76E52}.Release|x86.ActiveCfg = Release|Any CPU
		{F047AD1F-4487-40F5-8008-25F29EF76E52}.Signed Release x64|Any CPU.ActiveCfg = Release|Any CPU
		{F047AD1F-4487-40F5-8008-25F29EF76E52}.Signed Release x64|Any CPU.Build.0 = Release|Any CPU
		{F047AD1F-4487-40F5-8008-25F29EF76E52}.Signed Release x64|Mixed Platforms.ActiveCfg = Release|Any CPU
		{F047AD1F-4487-40F5-8008-25F29EF76E52}.Signed Release x64|Mixed Platforms.Build.0 = Release|Any CPU
		{F047AD1F-4487-40F5-8008-25F29EF76E52}.Signed Release x64|x86.ActiveCfg = Release|Any CPU
		{F047AD1F-4487-40F5-8008-25F29EF76E52}.Signed Release x64|x86.Build.0 = Release|Any CPU
		{F047AD1F-4487-40F5-8008-25F29EF76E52}.Signed Release|Any CPU.ActiveCfg = Release|Any CPU
		{F047AD1F-4487-40F5-8008-25F29EF76E52}.Signed Release|Any CPU.Build.0 = Release|Any CPU
		{F047AD1F-4487-40F5-8008-25F29EF76E52}.Signed Release|Mixed Platforms.ActiveCfg = Release|Any CPU
		{F047AD1F-4487-40F5-8008-25F29EF76E52}.Signed Release|Mixed Platforms.Build.0 = Release|Any CPU
		{F047AD1F-4487-40F5-8008-25F29EF76E52}.Signed Release|x86.ActiveCfg = Release|Any CPU
		{F047AD1F-4487-40F5-8008-25F29EF76E52}.Signed Release|x86.Build.0 = Release|Any CPU
		{C0B423AA-F469-495A-98F6-04107B51ECBD}.Debug|Any CPU.ActiveCfg = Debug|Any CPU
		{C0B423AA-F469-495A-98F6-04107B51ECBD}.Debug|Any CPU.Build.0 = Debug|Any CPU
		{C0B423AA-F469-495A-98F6-04107B51ECBD}.Debug|Mixed Platforms.ActiveCfg = Debug|Any CPU
		{C0B423AA-F469-495A-98F6-04107B51ECBD}.Debug|Mixed Platforms.Build.0 = Debug|Any CPU
		{C0B423AA-F469-495A-98F6-04107B51ECBD}.Debug|x86.ActiveCfg = Debug|Any CPU
		{C0B423AA-F469-495A-98F6-04107B51ECBD}.Debug|x86.Build.0 = Debug|Any CPU
		{C0B423AA-F469-495A-98F6-04107B51ECBD}.Release|Any CPU.ActiveCfg = Release|Any CPU
		{C0B423AA-F469-495A-98F6-04107B51ECBD}.Release|Any CPU.Build.0 = Release|Any CPU
		{C0B423AA-F469-495A-98F6-04107B51ECBD}.Release|Mixed Platforms.ActiveCfg = Release|Any CPU
		{C0B423AA-F469-495A-98F6-04107B51ECBD}.Release|Mixed Platforms.Build.0 = Release|Any CPU
		{C0B423AA-F469-495A-98F6-04107B51ECBD}.Release|x86.ActiveCfg = Release|x86
		{C0B423AA-F469-495A-98F6-04107B51ECBD}.Release|x86.Build.0 = Release|x86
		{C0B423AA-F469-495A-98F6-04107B51ECBD}.Signed Release x64|Any CPU.ActiveCfg = Release|Any CPU
		{C0B423AA-F469-495A-98F6-04107B51ECBD}.Signed Release x64|Any CPU.Build.0 = Release|Any CPU
		{C0B423AA-F469-495A-98F6-04107B51ECBD}.Signed Release x64|Mixed Platforms.ActiveCfg = Release|Any CPU
		{C0B423AA-F469-495A-98F6-04107B51ECBD}.Signed Release x64|Mixed Platforms.Build.0 = Release|Any CPU
		{C0B423AA-F469-495A-98F6-04107B51ECBD}.Signed Release x64|x86.ActiveCfg = Release|Any CPU
		{C0B423AA-F469-495A-98F6-04107B51ECBD}.Signed Release x64|x86.Build.0 = Release|Any CPU
		{C0B423AA-F469-495A-98F6-04107B51ECBD}.Signed Release|Any CPU.ActiveCfg = Release|Any CPU
		{C0B423AA-F469-495A-98F6-04107B51ECBD}.Signed Release|Any CPU.Build.0 = Release|Any CPU
		{C0B423AA-F469-495A-98F6-04107B51ECBD}.Signed Release|Mixed Platforms.ActiveCfg = Release|Any CPU
		{C0B423AA-F469-495A-98F6-04107B51ECBD}.Signed Release|Mixed Platforms.Build.0 = Release|Any CPU
		{C0B423AA-F469-495A-98F6-04107B51ECBD}.Signed Release|x86.ActiveCfg = Release|Any CPU
		{C0B423AA-F469-495A-98F6-04107B51ECBD}.Signed Release|x86.Build.0 = Release|Any CPU
		{EACEC5C5-2309-447C-A45E-18E4A7B27FEB}.Debug|Any CPU.ActiveCfg = Debug|Any CPU
		{EACEC5C5-2309-447C-A45E-18E4A7B27FEB}.Debug|Any CPU.Build.0 = Debug|Any CPU
		{EACEC5C5-2309-447C-A45E-18E4A7B27FEB}.Debug|Mixed Platforms.ActiveCfg = Debug|Any CPU
		{EACEC5C5-2309-447C-A45E-18E4A7B27FEB}.Debug|Mixed Platforms.Build.0 = Debug|Any CPU
		{EACEC5C5-2309-447C-A45E-18E4A7B27FEB}.Debug|x86.ActiveCfg = Debug|Any CPU
		{EACEC5C5-2309-447C-A45E-18E4A7B27FEB}.Debug|x86.Build.0 = Debug|Any CPU
		{EACEC5C5-2309-447C-A45E-18E4A7B27FEB}.Release|Any CPU.ActiveCfg = Release|Any CPU
		{EACEC5C5-2309-447C-A45E-18E4A7B27FEB}.Release|Any CPU.Build.0 = Release|Any CPU
		{EACEC5C5-2309-447C-A45E-18E4A7B27FEB}.Release|Mixed Platforms.ActiveCfg = Release|Any CPU
		{EACEC5C5-2309-447C-A45E-18E4A7B27FEB}.Release|Mixed Platforms.Build.0 = Release|Any CPU
		{EACEC5C5-2309-447C-A45E-18E4A7B27FEB}.Release|x86.ActiveCfg = Release|x86
		{EACEC5C5-2309-447C-A45E-18E4A7B27FEB}.Release|x86.Build.0 = Release|x86
		{EACEC5C5-2309-447C-A45E-18E4A7B27FEB}.Signed Release x64|Any CPU.ActiveCfg = Release|Any CPU
		{EACEC5C5-2309-447C-A45E-18E4A7B27FEB}.Signed Release x64|Any CPU.Build.0 = Release|Any CPU
		{EACEC5C5-2309-447C-A45E-18E4A7B27FEB}.Signed Release x64|Mixed Platforms.ActiveCfg = Release|Any CPU
		{EACEC5C5-2309-447C-A45E-18E4A7B27FEB}.Signed Release x64|Mixed Platforms.Build.0 = Release|Any CPU
		{EACEC5C5-2309-447C-A45E-18E4A7B27FEB}.Signed Release x64|x86.ActiveCfg = Release|Any CPU
		{EACEC5C5-2309-447C-A45E-18E4A7B27FEB}.Signed Release x64|x86.Build.0 = Release|Any CPU
		{EACEC5C5-2309-447C-A45E-18E4A7B27FEB}.Signed Release|Any CPU.ActiveCfg = Release|Any CPU
		{EACEC5C5-2309-447C-A45E-18E4A7B27FEB}.Signed Release|Any CPU.Build.0 = Release|Any CPU
		{EACEC5C5-2309-447C-A45E-18E4A7B27FEB}.Signed Release|Mixed Platforms.ActiveCfg = Release|Any CPU
		{EACEC5C5-2309-447C-A45E-18E4A7B27FEB}.Signed Release|Mixed Platforms.Build.0 = Release|Any CPU
		{EACEC5C5-2309-447C-A45E-18E4A7B27FEB}.Signed Release|x86.ActiveCfg = Release|Any CPU
		{EACEC5C5-2309-447C-A45E-18E4A7B27FEB}.Signed Release|x86.Build.0 = Release|Any CPU
		{C671AE38-FD89-4C32-8600-43245E7B33E3}.Debug|Any CPU.ActiveCfg = Debug|Any CPU
		{C671AE38-FD89-4C32-8600-43245E7B33E3}.Debug|Any CPU.Build.0 = Debug|Any CPU
		{C671AE38-FD89-4C32-8600-43245E7B33E3}.Debug|Mixed Platforms.ActiveCfg = Debug|Any CPU
		{C671AE38-FD89-4C32-8600-43245E7B33E3}.Debug|Mixed Platforms.Build.0 = Debug|Any CPU
		{C671AE38-FD89-4C32-8600-43245E7B33E3}.Debug|x86.ActiveCfg = Debug|Any CPU
		{C671AE38-FD89-4C32-8600-43245E7B33E3}.Debug|x86.Build.0 = Debug|Any CPU
		{C671AE38-FD89-4C32-8600-43245E7B33E3}.Release|Any CPU.ActiveCfg = Release|Any CPU
		{C671AE38-FD89-4C32-8600-43245E7B33E3}.Release|Any CPU.Build.0 = Release|Any CPU
		{C671AE38-FD89-4C32-8600-43245E7B33E3}.Release|Mixed Platforms.ActiveCfg = Release|Any CPU
		{C671AE38-FD89-4C32-8600-43245E7B33E3}.Release|Mixed Platforms.Build.0 = Release|Any CPU
		{C671AE38-FD89-4C32-8600-43245E7B33E3}.Release|x86.ActiveCfg = Release|x86
		{C671AE38-FD89-4C32-8600-43245E7B33E3}.Release|x86.Build.0 = Release|x86
		{C671AE38-FD89-4C32-8600-43245E7B33E3}.Signed Release x64|Any CPU.ActiveCfg = Release|Any CPU
		{C671AE38-FD89-4C32-8600-43245E7B33E3}.Signed Release x64|Any CPU.Build.0 = Release|Any CPU
		{C671AE38-FD89-4C32-8600-43245E7B33E3}.Signed Release x64|Mixed Platforms.ActiveCfg = Release|Any CPU
		{C671AE38-FD89-4C32-8600-43245E7B33E3}.Signed Release x64|Mixed Platforms.Build.0 = Release|Any CPU
		{C671AE38-FD89-4C32-8600-43245E7B33E3}.Signed Release x64|x86.ActiveCfg = Release|Any CPU
		{C671AE38-FD89-4C32-8600-43245E7B33E3}.Signed Release x64|x86.Build.0 = Release|Any CPU
		{C671AE38-FD89-4C32-8600-43245E7B33E3}.Signed Release|Any CPU.ActiveCfg = Release|Any CPU
		{C671AE38-FD89-4C32-8600-43245E7B33E3}.Signed Release|Any CPU.Build.0 = Release|Any CPU
		{C671AE38-FD89-4C32-8600-43245E7B33E3}.Signed Release|Mixed Platforms.ActiveCfg = Release|Any CPU
		{C671AE38-FD89-4C32-8600-43245E7B33E3}.Signed Release|Mixed Platforms.Build.0 = Release|Any CPU
		{C671AE38-FD89-4C32-8600-43245E7B33E3}.Signed Release|x86.ActiveCfg = Release|Any CPU
		{C671AE38-FD89-4C32-8600-43245E7B33E3}.Signed Release|x86.Build.0 = Release|Any CPU
	EndGlobalSection
	GlobalSection(SolutionProperties) = preSolution
		HideSolutionNode = FALSE
	EndGlobalSection
	GlobalSection(ExtensibilityGlobals) = postSolution
		SolutionGuid = {F2D9F71E-378D-4A2E-A06C-02C786D0009A}
		VisualSVNWorkingCopyRoot = .
	EndGlobalSection
EndGlobal
